// !$*UTF8*$!
{
	archiveVersion = 1;
	classes = {
	};
	objectVersion = 60;
	objects = {

/* Begin PBXBuildFile section */
		925984FA2B94D1260063DDD3 /* CDDataStackDemoApp.swift in Sources */ = {isa = PBXBuildFile; fileRef = 925984F92B94D1260063DDD3 /* CDDataStackDemoApp.swift */; };
		925984FC2B94D1260063DDD3 /* ContentView.swift in Sources */ = {isa = PBXBuildFile; fileRef = 925984FB2B94D1260063DDD3 /* ContentView.swift */; };
		925984FE2B94D1270063DDD3 /* Assets.xcassets in Resources */ = {isa = PBXBuildFile; fileRef = 925984FD2B94D1270063DDD3 /* Assets.xcassets */; };
		925985022B94D1270063DDD3 /* Preview Assets.xcassets in Resources */ = {isa = PBXBuildFile; fileRef = 925985012B94D1270063DDD3 /* Preview Assets.xcassets */; };
		9259850C2B94D1280063DDD3 /* CDDataStackDemoTests.swift in Sources */ = {isa = PBXBuildFile; fileRef = 9259850B2B94D1280063DDD3 /* CDDataStackDemoTests.swift */; };
		925985162B94D1280063DDD3 /* CDDataStackDemoUITests.swift in Sources */ = {isa = PBXBuildFile; fileRef = 925985152B94D1280063DDD3 /* CDDataStackDemoUITests.swift */; };
		925985182B94D1280063DDD3 /* CDDataStackDemoUITestsLaunchTests.swift in Sources */ = {isa = PBXBuildFile; fileRef = 925985172B94D1280063DDD3 /* CDDataStackDemoUITestsLaunchTests.swift */; };
		925985282B94D1E60063DDD3 /* UserModel.swift in Sources */ = {isa = PBXBuildFile; fileRef = 925985272B94D1E60063DDD3 /* UserModel.swift */; };
		9259852F2B94D90C0063DDD3 /* CDDataStack in Frameworks */ = {isa = PBXBuildFile; productRef = 9259852E2B94D90C0063DDD3 /* CDDataStack */; };
/* End PBXBuildFile section */

/* Begin PBXContainerItemProxy section */
		925985082B94D1280063DDD3 /* PBXContainerItemProxy */ = {
			isa = PBXContainerItemProxy;
			containerPortal = 925984EE2B94D1250063DDD3 /* Project object */;
			proxyType = 1;
			remoteGlobalIDString = 925984F52B94D1260063DDD3;
			remoteInfo = CDDataStackDemo;
		};
		925985122B94D1280063DDD3 /* PBXContainerItemProxy */ = {
			isa = PBXContainerItemProxy;
			containerPortal = 925984EE2B94D1250063DDD3 /* Project object */;
			proxyType = 1;
			remoteGlobalIDString = 925984F52B94D1260063DDD3;
			remoteInfo = CDDataStackDemo;
		};
/* End PBXContainerItemProxy section */

/* Begin PBXFileReference section */
		925984F62B94D1260063DDD3 /* CDDataStackDemo.app */ = {isa = PBXFileReference; explicitFileType = wrapper.application; includeInIndex = 0; path = CDDataStackDemo.app; sourceTree = BUILT_PRODUCTS_DIR; };
		925984F92B94D1260063DDD3 /* CDDataStackDemoApp.swift */ = {isa = PBXFileReference; lastKnownFileType = sourcecode.swift; path = CDDataStackDemoApp.swift; sourceTree = "<group>"; };
		925984FB2B94D1260063DDD3 /* ContentView.swift */ = {isa = PBXFileReference; lastKnownFileType = sourcecode.swift; path = ContentView.swift; sourceTree = "<group>"; };
		925984FD2B94D1270063DDD3 /* Assets.xcassets */ = {isa = PBXFileReference; lastKnownFileType = folder.assetcatalog; path = Assets.xcassets; sourceTree = "<group>"; };
		925984FF2B94D1270063DDD3 /* CDDataStackDemo.entitlements */ = {isa = PBXFileReference; lastKnownFileType = text.plist.entitlements; path = CDDataStackDemo.entitlements; sourceTree = "<group>"; };
		925985012B94D1270063DDD3 /* Preview Assets.xcassets */ = {isa = PBXFileReference; lastKnownFileType = folder.assetcatalog; path = "Preview Assets.xcassets"; sourceTree = "<group>"; };
		925985072B94D1280063DDD3 /* CDDataStackDemoTests.xctest */ = {isa = PBXFileReference; explicitFileType = wrapper.cfbundle; includeInIndex = 0; path = CDDataStackDemoTests.xctest; sourceTree = BUILT_PRODUCTS_DIR; };
		9259850B2B94D1280063DDD3 /* CDDataStackDemoTests.swift */ = {isa = PBXFileReference; lastKnownFileType = sourcecode.swift; path = CDDataStackDemoTests.swift; sourceTree = "<group>"; };
		925985112B94D1280063DDD3 /* CDDataStackDemoUITests.xctest */ = {isa = PBXFileReference; explicitFileType = wrapper.cfbundle; includeInIndex = 0; path = CDDataStackDemoUITests.xctest; sourceTree = BUILT_PRODUCTS_DIR; };
		925985152B94D1280063DDD3 /* CDDataStackDemoUITests.swift */ = {isa = PBXFileReference; lastKnownFileType = sourcecode.swift; path = CDDataStackDemoUITests.swift; sourceTree = "<group>"; };
		925985172B94D1280063DDD3 /* CDDataStackDemoUITestsLaunchTests.swift */ = {isa = PBXFileReference; lastKnownFileType = sourcecode.swift; path = CDDataStackDemoUITestsLaunchTests.swift; sourceTree = "<group>"; };
		925985272B94D1E60063DDD3 /* UserModel.swift */ = {isa = PBXFileReference; lastKnownFileType = sourcecode.swift; path = UserModel.swift; sourceTree = "<group>"; };
/* End PBXFileReference section */

/* Begin PBXFrameworksBuildPhase section */
		925984F32B94D1260063DDD3 /* Frameworks */ = {
			isa = PBXFrameworksBuildPhase;
			buildActionMask = 2147483647;
			files = (
				9259852F2B94D90C0063DDD3 /* CDDataStack in Frameworks */,
			);
			runOnlyForDeploymentPostprocessing = 0;
		};
		925985042B94D1280063DDD3 /* Frameworks */ = {
			isa = PBXFrameworksBuildPhase;
			buildActionMask = 2147483647;
			files = (
			);
			runOnlyForDeploymentPostprocessing = 0;
		};
		9259850E2B94D1280063DDD3 /* Frameworks */ = {
			isa = PBXFrameworksBuildPhase;
			buildActionMask = 2147483647;
			files = (
			);
			runOnlyForDeploymentPostprocessing = 0;
		};
/* End PBXFrameworksBuildPhase section */

/* Begin PBXGroup section */
		925984ED2B94D1250063DDD3 = {
			isa = PBXGroup;
			children = (
				925984F82B94D1260063DDD3 /* CDDataStackDemo */,
				9259850A2B94D1280063DDD3 /* CDDataStackDemoTests */,
				925985142B94D1280063DDD3 /* CDDataStackDemoUITests */,
				925984F72B94D1260063DDD3 /* Products */,
				9259852C2B94D8CF0063DDD3 /* Frameworks */,
			);
			sourceTree = "<group>";
		};
		925984F72B94D1260063DDD3 /* Products */ = {
			isa = PBXGroup;
			children = (
				925984F62B94D1260063DDD3 /* CDDataStackDemo.app */,
				925985072B94D1280063DDD3 /* CDDataStackDemoTests.xctest */,
				925985112B94D1280063DDD3 /* CDDataStackDemoUITests.xctest */,
			);
			name = Products;
			sourceTree = "<group>";
		};
		925984F82B94D1260063DDD3 /* CDDataStackDemo */ = {
			isa = PBXGroup;
			children = (
				925984F92B94D1260063DDD3 /* CDDataStackDemoApp.swift */,
				925984FB2B94D1260063DDD3 /* ContentView.swift */,
				925984FD2B94D1270063DDD3 /* Assets.xcassets */,
				925984FF2B94D1270063DDD3 /* CDDataStackDemo.entitlements */,
				925985002B94D1270063DDD3 /* Preview Content */,
				925985272B94D1E60063DDD3 /* UserModel.swift */,
			);
			path = CDDataStackDemo;
			sourceTree = "<group>";
		};
		925985002B94D1270063DDD3 /* Preview Content */ = {
			isa = PBXGroup;
			children = (
				925985012B94D1270063DDD3 /* Preview Assets.xcassets */,
			);
			path = "Preview Content";
			sourceTree = "<group>";
		};
		9259850A2B94D1280063DDD3 /* CDDataStackDemoTests */ = {
			isa = PBXGroup;
			children = (
				9259850B2B94D1280063DDD3 /* CDDataStackDemoTests.swift */,
			);
			path = CDDataStackDemoTests;
			sourceTree = "<group>";
		};
		925985142B94D1280063DDD3 /* CDDataStackDemoUITests */ = {
			isa = PBXGroup;
			children = (
				925985152B94D1280063DDD3 /* CDDataStackDemoUITests.swift */,
				925985172B94D1280063DDD3 /* CDDataStackDemoUITestsLaunchTests.swift */,
			);
			path = CDDataStackDemoUITests;
			sourceTree = "<group>";
		};
		9259852C2B94D8CF0063DDD3 /* Frameworks */ = {
			isa = PBXGroup;
			children = (
			);
			name = Frameworks;
			sourceTree = "<group>";
		};
/* End PBXGroup section */

/* Begin PBXNativeTarget section */
		925984F52B94D1260063DDD3 /* CDDataStackDemo */ = {
			isa = PBXNativeTarget;
			buildConfigurationList = 9259851B2B94D1280063DDD3 /* Build configuration list for PBXNativeTarget "CDDataStackDemo" */;
			buildPhases = (
				925984F22B94D1260063DDD3 /* Sources */,
				925984F32B94D1260063DDD3 /* Frameworks */,
				925984F42B94D1260063DDD3 /* Resources */,
			);
			buildRules = (
			);
			dependencies = (
			);
			name = CDDataStackDemo;
			packageProductDependencies = (
				9259852E2B94D90C0063DDD3 /* CDDataStack */,
			);
			productName = CDDataStackDemo;
			productReference = 925984F62B94D1260063DDD3 /* CDDataStackDemo.app */;
			productType = "com.apple.product-type.application";
		};
		925985062B94D1280063DDD3 /* CDDataStackDemoTests */ = {
			isa = PBXNativeTarget;
			buildConfigurationList = 9259851E2B94D1280063DDD3 /* Build configuration list for PBXNativeTarget "CDDataStackDemoTests" */;
			buildPhases = (
				925985032B94D1280063DDD3 /* Sources */,
				925985042B94D1280063DDD3 /* Frameworks */,
				925985052B94D1280063DDD3 /* Resources */,
			);
			buildRules = (
			);
			dependencies = (
				925985092B94D1280063DDD3 /* PBXTargetDependency */,
			);
			name = CDDataStackDemoTests;
			productName = CDDataStackDemoTests;
			productReference = 925985072B94D1280063DDD3 /* CDDataStackDemoTests.xctest */;
			productType = "com.apple.product-type.bundle.unit-test";
		};
		925985102B94D1280063DDD3 /* CDDataStackDemoUITests */ = {
			isa = PBXNativeTarget;
			buildConfigurationList = 925985212B94D1280063DDD3 /* Build configuration list for PBXNativeTarget "CDDataStackDemoUITests" */;
			buildPhases = (
				9259850D2B94D1280063DDD3 /* Sources */,
				9259850E2B94D1280063DDD3 /* Frameworks */,
				9259850F2B94D1280063DDD3 /* Resources */,
			);
			buildRules = (
			);
			dependencies = (
				925985132B94D1280063DDD3 /* PBXTargetDependency */,
			);
			name = CDDataStackDemoUITests;
			productName = CDDataStackDemoUITests;
			productReference = 925985112B94D1280063DDD3 /* CDDataStackDemoUITests.xctest */;
			productType = "com.apple.product-type.bundle.ui-testing";
		};
/* End PBXNativeTarget section */

/* Begin PBXProject section */
		925984EE2B94D1250063DDD3 /* Project object */ = {
			isa = PBXProject;
			attributes = {
				BuildIndependentTargetsInParallel = 1;
				LastSwiftUpdateCheck = 1500;
				LastUpgradeCheck = 1500;
				TargetAttributes = {
					925984F52B94D1260063DDD3 = {
						CreatedOnToolsVersion = 15.0.1;
					};
					925985062B94D1280063DDD3 = {
						CreatedOnToolsVersion = 15.0.1;
						TestTargetID = 925984F52B94D1260063DDD3;
					};
					925985102B94D1280063DDD3 = {
						CreatedOnToolsVersion = 15.0.1;
						TestTargetID = 925984F52B94D1260063DDD3;
					};
				};
			};
			buildConfigurationList = 925984F12B94D1260063DDD3 /* Build configuration list for PBXProject "CDDataStackDemo" */;
			compatibilityVersion = "Xcode 14.0";
			developmentRegion = en;
			hasScannedForEncodings = 0;
			knownRegions = (
				en,
				Base,
			);
			mainGroup = 925984ED2B94D1250063DDD3;
			packageReferences = (
				9259852D2B94D90C0063DDD3 /* XCLocalSwiftPackageReference ".." */,
			);
			productRefGroup = 925984F72B94D1260063DDD3 /* Products */;
			projectDirPath = "";
			projectRoot = "";
			targets = (
				925984F52B94D1260063DDD3 /* CDDataStackDemo */,
				925985062B94D1280063DDD3 /* CDDataStackDemoTests */,
				925985102B94D1280063DDD3 /* CDDataStackDemoUITests */,
			);
		};
/* End PBXProject section */

/* Begin PBXResourcesBuildPhase section */
		925984F42B94D1260063DDD3 /* Resources */ = {
			isa = PBXResourcesBuildPhase;
			buildActionMask = 2147483647;
			files = (
				925985022B94D1270063DDD3 /* Preview Assets.xcassets in Resources */,
				925984FE2B94D1270063DDD3 /* Assets.xcassets in Resources */,
			);
			runOnlyForDeploymentPostprocessing = 0;
		};
		925985052B94D1280063DDD3 /* Resources */ = {
			isa = PBXResourcesBuildPhase;
			buildActionMask = 2147483647;
			files = (
			);
			runOnlyForDeploymentPostprocessing = 0;
		};
		9259850F2B94D1280063DDD3 /* Resources */ = {
			isa = PBXResourcesBuildPhase;
			buildActionMask = 2147483647;
			files = (
			);
			runOnlyForDeploymentPostprocessing = 0;
		};
/* End PBXResourcesBuildPhase section */

/* Begin PBXSourcesBuildPhase section */
		925984F22B94D1260063DDD3 /* Sources */ = {
			isa = PBXSourcesBuildPhase;
			buildActionMask = 2147483647;
			files = (
				925984FC2B94D1260063DDD3 /* ContentView.swift in Sources */,
				925985282B94D1E60063DDD3 /* UserModel.swift in Sources */,
				925984FA2B94D1260063DDD3 /* CDDataStackDemoApp.swift in Sources */,
			);
			runOnlyForDeploymentPostprocessing = 0;
		};
		925985032B94D1280063DDD3 /* Sources */ = {
			isa = PBXSourcesBuildPhase;
			buildActionMask = 2147483647;
			files = (
				9259850C2B94D1280063DDD3 /* CDDataStackDemoTests.swift in Sources */,
			);
			runOnlyForDeploymentPostprocessing = 0;
		};
		9259850D2B94D1280063DDD3 /* Sources */ = {
			isa = PBXSourcesBuildPhase;
			buildActionMask = 2147483647;
			files = (
				925985162B94D1280063DDD3 /* CDDataStackDemoUITests.swift in Sources */,
				925985182B94D1280063DDD3 /* CDDataStackDemoUITestsLaunchTests.swift in Sources */,
			);
			runOnlyForDeploymentPostprocessing = 0;
		};
/* End PBXSourcesBuildPhase section */

/* Begin PBXTargetDependency section */
		925985092B94D1280063DDD3 /* PBXTargetDependency */ = {
			isa = PBXTargetDependency;
			target = 925984F52B94D1260063DDD3 /* CDDataStackDemo */;
			targetProxy = 925985082B94D1280063DDD3 /* PBXContainerItemProxy */;
		};
		925985132B94D1280063DDD3 /* PBXTargetDependency */ = {
			isa = PBXTargetDependency;
			target = 925984F52B94D1260063DDD3 /* CDDataStackDemo */;
			targetProxy = 925985122B94D1280063DDD3 /* PBXContainerItemProxy */;
		};
/* End PBXTargetDependency section */

/* Begin XCBuildConfiguration section */
		925985192B94D1280063DDD3 /* Debug */ = {
			isa = XCBuildConfiguration;
			buildSettings = {
				ALWAYS_SEARCH_USER_PATHS = NO;
				ASSETCATALOG_COMPILER_GENERATE_SWIFT_ASSET_SYMBOL_EXTENSIONS = YES;
				CLANG_ANALYZER_NONNULL = YES;
				CLANG_ANALYZER_NUMBER_OBJECT_CONVERSION = YES_AGGRESSIVE;
				CLANG_CXX_LANGUAGE_STANDARD = "gnu++20";
				CLANG_ENABLE_MODULES = YES;
				CLANG_ENABLE_OBJC_ARC = YES;
				CLANG_ENABLE_OBJC_WEAK = YES;
				CLANG_WARN_BLOCK_CAPTURE_AUTORELEASING = YES;
				CLANG_WARN_BOOL_CONVERSION = YES;
				CLANG_WARN_COMMA = YES;
				CLANG_WARN_CONSTANT_CONVERSION = YES;
				CLANG_WARN_DEPRECATED_OBJC_IMPLEMENTATIONS = YES;
				CLANG_WARN_DIRECT_OBJC_ISA_USAGE = YES_ERROR;
				CLANG_WARN_DOCUMENTATION_COMMENTS = YES;
				CLANG_WARN_EMPTY_BODY = YES;
				CLANG_WARN_ENUM_CONVERSION = YES;
				CLANG_WARN_INFINITE_RECURSION = YES;
				CLANG_WARN_INT_CONVERSION = YES;
				CLANG_WARN_NON_LITERAL_NULL_CONVERSION = YES;
				CLANG_WARN_OBJC_IMPLICIT_RETAIN_SELF = YES;
				CLANG_WARN_OBJC_LITERAL_CONVERSION = YES;
				CLANG_WARN_OBJC_ROOT_CLASS = YES_ERROR;
				CLANG_WARN_QUOTED_INCLUDE_IN_FRAMEWORK_HEADER = YES;
				CLANG_WARN_RANGE_LOOP_ANALYSIS = YES;
				CLANG_WARN_STRICT_PROTOTYPES = YES;
				CLANG_WARN_SUSPICIOUS_MOVE = YES;
				CLANG_WARN_UNGUARDED_AVAILABILITY = YES_AGGRESSIVE;
				CLANG_WARN_UNREACHABLE_CODE = YES;
				CLANG_WARN__DUPLICATE_METHOD_MATCH = YES;
				COPY_PHASE_STRIP = NO;
				DEBUG_INFORMATION_FORMAT = dwarf;
				ENABLE_STRICT_OBJC_MSGSEND = YES;
				ENABLE_TESTABILITY = YES;
				ENABLE_USER_SCRIPT_SANDBOXING = YES;
				GCC_C_LANGUAGE_STANDARD = gnu17;
				GCC_DYNAMIC_NO_PIC = NO;
				GCC_NO_COMMON_BLOCKS = YES;
				GCC_OPTIMIZATION_LEVEL = 0;
				GCC_PREPROCESSOR_DEFINITIONS = (
					"DEBUG=1",
					"$(inherited)",
				);
				GCC_WARN_64_TO_32_BIT_CONVERSION = YES;
				GCC_WARN_ABOUT_RETURN_TYPE = YES_ERROR;
				GCC_WARN_UNDECLARED_SELECTOR = YES;
				GCC_WARN_UNINITIALIZED_AUTOS = YES_AGGRESSIVE;
				GCC_WARN_UNUSED_FUNCTION = YES;
				GCC_WARN_UNUSED_VARIABLE = YES;
				LOCALIZATION_PREFERS_STRING_CATALOGS = YES;
				MTL_ENABLE_DEBUG_INFO = INCLUDE_SOURCE;
				MTL_FAST_MATH = YES;
				ONLY_ACTIVE_ARCH = YES;
				SWIFT_ACTIVE_COMPILATION_CONDITIONS = "DEBUG $(inherited)";
				SWIFT_OPTIMIZATION_LEVEL = "-Onone";
			};
			name = Debug;
		};
		9259851A2B94D1280063DDD3 /* Release */ = {
			isa = XCBuildConfiguration;
			buildSettings = {
				ALWAYS_SEARCH_USER_PATHS = NO;
				ASSETCATALOG_COMPILER_GENERATE_SWIFT_ASSET_SYMBOL_EXTENSIONS = YES;
				CLANG_ANALYZER_NONNULL = YES;
				CLANG_ANALYZER_NUMBER_OBJECT_CONVERSION = YES_AGGRESSIVE;
				CLANG_CXX_LANGUAGE_STANDARD = "gnu++20";
				CLANG_ENABLE_MODULES = YES;
				CLANG_ENABLE_OBJC_ARC = YES;
				CLANG_ENABLE_OBJC_WEAK = YES;
				CLANG_WARN_BLOCK_CAPTURE_AUTORELEASING = YES;
				CLANG_WARN_BOOL_CONVERSION = YES;
				CLANG_WARN_COMMA = YES;
				CLANG_WARN_CONSTANT_CONVERSION = YES;
				CLANG_WARN_DEPRECATED_OBJC_IMPLEMENTATIONS = YES;
				CLANG_WARN_DIRECT_OBJC_ISA_USAGE = YES_ERROR;
				CLANG_WARN_DOCUMENTATION_COMMENTS = YES;
				CLANG_WARN_EMPTY_BODY = YES;
				CLANG_WARN_ENUM_CONVERSION = YES;
				CLANG_WARN_INFINITE_RECURSION = YES;
				CLANG_WARN_INT_CONVERSION = YES;
				CLANG_WARN_NON_LITERAL_NULL_CONVERSION = YES;
				CLANG_WARN_OBJC_IMPLICIT_RETAIN_SELF = YES;
				CLANG_WARN_OBJC_LITERAL_CONVERSION = YES;
				CLANG_WARN_OBJC_ROOT_CLASS = YES_ERROR;
				CLANG_WARN_QUOTED_INCLUDE_IN_FRAMEWORK_HEADER = YES;
				CLANG_WARN_RANGE_LOOP_ANALYSIS = YES;
				CLANG_WARN_STRICT_PROTOTYPES = YES;
				CLANG_WARN_SUSPICIOUS_MOVE = YES;
				CLANG_WARN_UNGUARDED_AVAILABILITY = YES_AGGRESSIVE;
				CLANG_WARN_UNREACHABLE_CODE = YES;
				CLANG_WARN__DUPLICATE_METHOD_MATCH = YES;
				COPY_PHASE_STRIP = NO;
				DEBUG_INFORMATION_FORMAT = "dwarf-with-dsym";
				ENABLE_NS_ASSERTIONS = NO;
				ENABLE_STRICT_OBJC_MSGSEND = YES;
				ENABLE_USER_SCRIPT_SANDBOXING = YES;
				GCC_C_LANGUAGE_STANDARD = gnu17;
				GCC_NO_COMMON_BLOCKS = YES;
				GCC_WARN_64_TO_32_BIT_CONVERSION = YES;
				GCC_WARN_ABOUT_RETURN_TYPE = YES_ERROR;
				GCC_WARN_UNDECLARED_SELECTOR = YES;
				GCC_WARN_UNINITIALIZED_AUTOS = YES_AGGRESSIVE;
				GCC_WARN_UNUSED_FUNCTION = YES;
				GCC_WARN_UNUSED_VARIABLE = YES;
				LOCALIZATION_PREFERS_STRING_CATALOGS = YES;
				MTL_ENABLE_DEBUG_INFO = NO;
				MTL_FAST_MATH = YES;
				SWIFT_COMPILATION_MODE = wholemodule;
			};
			name = Release;
		};
		9259851C2B94D1280063DDD3 /* Debug */ = {
			isa = XCBuildConfiguration;
			buildSettings = {
				ASSETCATALOG_COMPILER_APPICON_NAME = AppIcon;
				ASSETCATALOG_COMPILER_GLOBAL_ACCENT_COLOR_NAME = AccentColor;
				CODE_SIGN_ENTITLEMENTS = CDDataStackDemo/CDDataStackDemo.entitlements;
				CODE_SIGN_STYLE = Automatic;
				CURRENT_PROJECT_VERSION = 1;
				DEVELOPMENT_ASSET_PATHS = "\"CDDataStackDemo/Preview Content\"";
				DEVELOPMENT_TEAM = CAZY9PB74F;
				ENABLE_HARDENED_RUNTIME = YES;
				ENABLE_PREVIEWS = YES;
				GENERATE_INFOPLIST_FILE = YES;
				"INFOPLIST_KEY_UIApplicationSceneManifest_Generation[sdk=iphoneos*]" = YES;
				"INFOPLIST_KEY_UIApplicationSceneManifest_Generation[sdk=iphonesimulator*]" = YES;
				"INFOPLIST_KEY_UIApplicationSupportsIndirectInputEvents[sdk=iphoneos*]" = YES;
				"INFOPLIST_KEY_UIApplicationSupportsIndirectInputEvents[sdk=iphonesimulator*]" = YES;
				"INFOPLIST_KEY_UILaunchScreen_Generation[sdk=iphoneos*]" = YES;
				"INFOPLIST_KEY_UILaunchScreen_Generation[sdk=iphonesimulator*]" = YES;
				"INFOPLIST_KEY_UIStatusBarStyle[sdk=iphoneos*]" = UIStatusBarStyleDefault;
				"INFOPLIST_KEY_UIStatusBarStyle[sdk=iphonesimulator*]" = UIStatusBarStyleDefault;
				INFOPLIST_KEY_UISupportedInterfaceOrientations_iPad = "UIInterfaceOrientationPortrait UIInterfaceOrientationPortraitUpsideDown UIInterfaceOrientationLandscapeLeft UIInterfaceOrientationLandscapeRight";
				INFOPLIST_KEY_UISupportedInterfaceOrientations_iPhone = "UIInterfaceOrientationPortrait UIInterfaceOrientationLandscapeLeft UIInterfaceOrientationLandscapeRight";
				IPHONEOS_DEPLOYMENT_TARGET = 17.0;
				LD_RUNPATH_SEARCH_PATHS = "@executable_path/Frameworks";
				"LD_RUNPATH_SEARCH_PATHS[sdk=macosx*]" = "@executable_path/../Frameworks";
				MACOSX_DEPLOYMENT_TARGET = 14.0;
				MARKETING_VERSION = 1.0;
				PRODUCT_BUNDLE_IDENTIFIER = seanerickson12.CDDataStackDemo;
				PRODUCT_NAME = "$(TARGET_NAME)";
				SDKROOT = auto;
				SUPPORTED_PLATFORMS = "iphoneos iphonesimulator macosx";
				SWIFT_EMIT_LOC_STRINGS = YES;
				SWIFT_VERSION = 5.0;
				TARGETED_DEVICE_FAMILY = "1,2";
			};
			name = Debug;
		};
		9259851D2B94D1280063DDD3 /* Release */ = {
			isa = XCBuildConfiguration;
			buildSettings = {
				ASSETCATALOG_COMPILER_APPICON_NAME = AppIcon;
				ASSETCATALOG_COMPILER_GLOBAL_ACCENT_COLOR_NAME = AccentColor;
				CODE_SIGN_ENTITLEMENTS = CDDataStackDemo/CDDataStackDemo.entitlements;
				CODE_SIGN_STYLE = Automatic;
				CURRENT_PROJECT_VERSION = 1;
				DEVELOPMENT_ASSET_PATHS = "\"CDDataStackDemo/Preview Content\"";
				DEVELOPMENT_TEAM = CAZY9PB74F;
				ENABLE_HARDENED_RUNTIME = YES;
				ENABLE_PREVIEWS = YES;
				GENERATE_INFOPLIST_FILE = YES;
				"INFOPLIST_KEY_UIApplicationSceneManifest_Generation[sdk=iphoneos*]" = YES;
				"INFOPLIST_KEY_UIApplicationSceneManifest_Generation[sdk=iphonesimulator*]" = YES;
				"INFOPLIST_KEY_UIApplicationSupportsIndirectInputEvents[sdk=iphoneos*]" = YES;
				"INFOPLIST_KEY_UIApplicationSupportsIndirectInputEvents[sdk=iphonesimulator*]" = YES;
				"INFOPLIST_KEY_UILaunchScreen_Generation[sdk=iphoneos*]" = YES;
				"INFOPLIST_KEY_UILaunchScreen_Generation[sdk=iphonesimulator*]" = YES;
				"INFOPLIST_KEY_UIStatusBarStyle[sdk=iphoneos*]" = UIStatusBarStyleDefault;
				"INFOPLIST_KEY_UIStatusBarStyle[sdk=iphonesimulator*]" = UIStatusBarStyleDefault;
				INFOPLIST_KEY_UISupportedInterfaceOrientations_iPad = "UIInterfaceOrientationPortrait UIInterfaceOrientationPortraitUpsideDown UIInterfaceOrientationLandscapeLeft UIInterfaceOrientationLandscapeRight";
				INFOPLIST_KEY_UISupportedInterfaceOrientations_iPhone = "UIInterfaceOrientationPortrait UIInterfaceOrientationLandscapeLeft UIInterfaceOrientationLandscapeRight";
				IPHONEOS_DEPLOYMENT_TARGET = 17.0;
				LD_RUNPATH_SEARCH_PATHS = "@executable_path/Frameworks";
				"LD_RUNPATH_SEARCH_PATHS[sdk=macosx*]" = "@executable_path/../Frameworks";
				MACOSX_DEPLOYMENT_TARGET = 14.0;
				MARKETING_VERSION = 1.0;
				PRODUCT_BUNDLE_IDENTIFIER = seanerickson12.CDDataStackDemo;
				PRODUCT_NAME = "$(TARGET_NAME)";
				SDKROOT = auto;
				SUPPORTED_PLATFORMS = "iphoneos iphonesimulator macosx";
				SWIFT_EMIT_LOC_STRINGS = YES;
				SWIFT_VERSION = 5.0;
				TARGETED_DEVICE_FAMILY = "1,2";
			};
			name = Release;
		};
		9259851F2B94D1280063DDD3 /* Debug */ = {
			isa = XCBuildConfiguration;
			buildSettings = {
				ALWAYS_EMBED_SWIFT_STANDARD_LIBRARIES = YES;
				BUNDLE_LOADER = "$(TEST_HOST)";
				CODE_SIGN_STYLE = Automatic;
				CURRENT_PROJECT_VERSION = 1;
				DEVELOPMENT_TEAM = CAZY9PB74F;
				GENERATE_INFOPLIST_FILE = YES;
				IPHONEOS_DEPLOYMENT_TARGET = 17.0;
				MACOSX_DEPLOYMENT_TARGET = 14.0;
				MARKETING_VERSION = 1.0;
				PRODUCT_BUNDLE_IDENTIFIER = seanerickson12.CDDataStackDemoTests;
				PRODUCT_NAME = "$(TARGET_NAME)";
				SDKROOT = auto;
				SUPPORTED_PLATFORMS = "iphoneos iphonesimulator macosx";
				SWIFT_EMIT_LOC_STRINGS = NO;
				SWIFT_VERSION = 5.0;
				TARGETED_DEVICE_FAMILY = "1,2";
				TEST_HOST = "$(BUILT_PRODUCTS_DIR)/CDDataStackDemo.app/$(BUNDLE_EXECUTABLE_FOLDER_PATH)/CDDataStackDemo";
			};
			name = Debug;
		};
		925985202B94D1280063DDD3 /* Release */ = {
			isa = XCBuildConfiguration;
			buildSettings = {
				ALWAYS_EMBED_SWIFT_STANDARD_LIBRARIES = YES;
				BUNDLE_LOADER = "$(TEST_HOST)";
				CODE_SIGN_STYLE = Automatic;
				CURRENT_PROJECT_VERSION = 1;
				DEVELOPMENT_TEAM = CAZY9PB74F;
				GENERATE_INFOPLIST_FILE = YES;
				IPHONEOS_DEPLOYMENT_TARGET = 17.0;
				MACOSX_DEPLOYMENT_TARGET = 14.0;
				MARKETING_VERSION = 1.0;
				PRODUCT_BUNDLE_IDENTIFIER = seanerickson12.CDDataStackDemoTests;
				PRODUCT_NAME = "$(TARGET_NAME)";
				SDKROOT = auto;
				SUPPORTED_PLATFORMS = "iphoneos iphonesimulator macosx";
				SWIFT_EMIT_LOC_STRINGS = NO;
				SWIFT_VERSION = 5.0;
				TARGETED_DEVICE_FAMILY = "1,2";
				TEST_HOST = "$(BUILT_PRODUCTS_DIR)/CDDataStackDemo.app/$(BUNDLE_EXECUTABLE_FOLDER_PATH)/CDDataStackDemo";
			};
			name = Release;
		};
		925985222B94D1280063DDD3 /* Debug */ = {
			isa = XCBuildConfiguration;
			buildSettings = {
				ALWAYS_EMBED_SWIFT_STANDARD_LIBRARIES = YES;
				CODE_SIGN_STYLE = Automatic;
				CURRENT_PROJECT_VERSION = 1;
				DEVELOPMENT_TEAM = CAZY9PB74F;
				GENERATE_INFOPLIST_FILE = YES;
				IPHONEOS_DEPLOYMENT_TARGET = 17.0;
				MACOSX_DEPLOYMENT_TARGET = 14.0;
				MARKETING_VERSION = 1.0;
				PRODUCT_BUNDLE_IDENTIFIER = seanerickson12.CDDataStackDemoUITests;
				PRODUCT_NAME = "$(TARGET_NAME)";
				SDKROOT = auto;
				SUPPORTED_PLATFORMS = "iphoneos iphonesimulator macosx";
				SWIFT_EMIT_LOC_STRINGS = NO;
				SWIFT_VERSION = 5.0;
				TARGETED_DEVICE_FAMILY = "1,2";
				TEST_TARGET_NAME = CDDataStackDemo;
			};
			name = Debug;
		};
		925985232B94D1280063DDD3 /* Release */ = {
			isa = XCBuildConfiguration;
			buildSettings = {
				ALWAYS_EMBED_SWIFT_STANDARD_LIBRARIES = YES;
				CODE_SIGN_STYLE = Automatic;
				CURRENT_PROJECT_VERSION = 1;
				DEVELOPMENT_TEAM = CAZY9PB74F;
				GENERATE_INFOPLIST_FILE = YES;
				IPHONEOS_DEPLOYMENT_TARGET = 17.0;
				MACOSX_DEPLOYMENT_TARGET = 14.0;
				MARKETING_VERSION = 1.0;
				PRODUCT_BUNDLE_IDENTIFIER = seanerickson12.CDDataStackDemoUITests;
				PRODUCT_NAME = "$(TARGET_NAME)";
				SDKROOT = auto;
				SUPPORTED_PLATFORMS = "iphoneos iphonesimulator macosx";
				SWIFT_EMIT_LOC_STRINGS = NO;
				SWIFT_VERSION = 5.0;
				TARGETED_DEVICE_FAMILY = "1,2";
				TEST_TARGET_NAME = CDDataStackDemo;
			};
			name = Release;
		};
/* End XCBuildConfiguration section */

/* Begin XCConfigurationList section */
		925984F12B94D1260063DDD3 /* Build configuration list for PBXProject "CDDataStackDemo" */ = {
			isa = XCConfigurationList;
			buildConfigurations = (
				925985192B94D1280063DDD3 /* Debug */,
				9259851A2B94D1280063DDD3 /* Release */,
			);
			defaultConfigurationIsVisible = 0;
			defaultConfigurationName = Release;
		};
		9259851B2B94D1280063DDD3 /* Build configuration list for PBXNativeTarget "CDDataStackDemo" */ = {
			isa = XCConfigurationList;
			buildConfigurations = (
				9259851C2B94D1280063DDD3 /* Debug */,
				9259851D2B94D1280063DDD3 /* Release */,
			);
			defaultConfigurationIsVisible = 0;
			defaultConfigurationName = Release;
		};
		9259851E2B94D1280063DDD3 /* Build configuration list for PBXNativeTarget "CDDataStackDemoTests" */ = {
			isa = XCConfigurationList;
			buildConfigurations = (
				9259851F2B94D1280063DDD3 /* Debug */,
				925985202B94D1280063DDD3 /* Release */,
			);
			defaultConfigurationIsVisible = 0;
			defaultConfigurationName = Release;
		};
		925985212B94D1280063DDD3 /* Build configuration list for PBXNativeTarget "CDDataStackDemoUITests" */ = {
			isa = XCConfigurationList;
			buildConfigurations = (
				925985222B94D1280063DDD3 /* Debug */,
				925985232B94D1280063DDD3 /* Release */,
			);
			defaultConfigurationIsVisible = 0;
			defaultConfigurationName = Release;
		};
/* End XCConfigurationList section */

/* Begin XCLocalSwiftPackageReference section */
		9259852D2B94D90C0063DDD3 /* XCLocalSwiftPackageReference ".." */ = {
			isa = XCLocalSwiftPackageReference;
			relativePath = ..;
		};
/* End XCLocalSwiftPackageReference section */

/* Begin XCSwiftPackageProductDependency section */
		9259852E2B94D90C0063DDD3 /* CDDataStack */ = {
			isa = XCSwiftPackageProductDependency;
			productName = CDDataStack;
		};
/* End XCSwiftPackageProductDependency section */
	};
	rootObject = 925984EE2B94D1250063DDD3 /* Project object */;
}
